
Microsoft Visual Studio Solution File, Format Version 11.00
# Visual Studio 2010
Project("{2150E333-8FDC-42A3-9474-1A3956D46DE8}") = "Solution Items", "Solution Items", "{4C1AF07B-ECC1-4255-9E3F-9C3676AB293F}"
	ProjectSection(SolutionItems) = preProject
		AzureDocumentStore.vsmdi = AzureDocumentStore.vsmdi
	EndProjectSection
EndProject
Project("{2150E333-8FDC-42A3-9474-1A3956D46DE8}") = "Tests", "Tests", "{0BC4A010-C703-4CF4-88A6-84A5B69FC674}"
EndProject
Project("{CC5FD16D-436D-48AD-A40C-5A424C6E3E79}") = "AzDoc", "AzDoc\AzDoc.ccproj", "{F0E8BA6D-3374-4026-AE95-97E157709A7D}"
EndProject
Project("{FAE04EC0-301F-11D3-BF4B-00C04F79EFBC}") = "AzDoc.Web", "AzDoc.Web\AzDoc.Web.csproj", "{32727FAB-DE17-4BC4-80EA-38EE5688473F}"
EndProject
Project("{FAE04EC0-301F-11D3-BF4B-00C04F79EFBC}") = "AzDoc.Web.Tests", "AzDoc.Web.Tests\AzDoc.Web.Tests.csproj", "{966A8A3B-B18D-4CB5-81A0-8157E21C60F0}"
EndProject
Project("{FAE04EC0-301F-11D3-BF4B-00C04F79EFBC}") = "AzDoc.Documents", "AzDoc.Documents\AzDoc.Documents.csproj", "{BAC6EB8F-6003-4B62-8D7F-9D4B0107F46B}"
EndProject
Project("{FAE04EC0-301F-11D3-BF4B-00C04F79EFBC}") = "AzDoc.Indexing", "AzDoc.Indexing\AzDoc.Indexing.csproj", "{7B8425DA-BAD7-4DB3-BCA7-9B0C2666FE67}"
EndProject
Project("{FAE04EC0-301F-11D3-BF4B-00C04F79EFBC}") = "AzDoc.Documents.Test", "AzDoc.Documents.Test\AzDoc.Documents.Test.csproj", "{8B5F6BCD-86E0-4E88-B058-1C7291814CD6}"
EndProject
Project("{FAE04EC0-301F-11D3-BF4B-00C04F79EFBC}") = "AzDoc.Indexing.Test", "AzDoc.Indexing.Test\AzDoc.Indexing.Test.csproj", "{2598AF3C-321A-4DD9-9A69-0C90E8A5AAF5}"
EndProject
Global
	GlobalSection(TestCaseManagementSettings) = postSolution
		CategoryFile = AzureDocumentStore.vsmdi
	EndGlobalSection
	GlobalSection(SolutionConfigurationPlatforms) = preSolution
		Debug|Any CPU = Debug|Any CPU
		Release|Any CPU = Release|Any CPU
	EndGlobalSection
	GlobalSection(ProjectConfigurationPlatforms) = postSolution
		{F0E8BA6D-3374-4026-AE95-97E157709A7D}.Debug|Any CPU.ActiveCfg = Debug|Any CPU
		{F0E8BA6D-3374-4026-AE95-97E157709A7D}.Debug|Any CPU.Build.0 = Debug|Any CPU
		{F0E8BA6D-3374-4026-AE95-97E157709A7D}.Release|Any CPU.ActiveCfg = Release|Any CPU
		{F0E8BA6D-3374-4026-AE95-97E157709A7D}.Release|Any CPU.Build.0 = Release|Any CPU
		{32727FAB-DE17-4BC4-80EA-38EE5688473F}.Debug|Any CPU.ActiveCfg = Debug|Any CPU
		{32727FAB-DE17-4BC4-80EA-38EE5688473F}.Debug|Any CPU.Build.0 = Debug|Any CPU
		{32727FAB-DE17-4BC4-80EA-38EE5688473F}.Release|Any CPU.ActiveCfg = Release|Any CPU
		{32727FAB-DE17-4BC4-80EA-38EE5688473F}.Release|Any CPU.Build.0 = Release|Any CPU
		{966A8A3B-B18D-4CB5-81A0-8157E21C60F0}.Debug|Any CPU.ActiveCfg = Debug|Any CPU
		{966A8A3B-B18D-4CB5-81A0-8157E21C60F0}.Debug|Any CPU.Build.0 = Debug|Any CPU
		{966A8A3B-B18D-4CB5-81A0-8157E21C60F0}.Release|Any CPU.ActiveCfg = Release|Any CPU
		{966A8A3B-B18D-4CB5-81A0-8157E21C60F0}.Release|Any CPU.Build.0 = Release|Any CPU
		{BAC6EB8F-6003-4B62-8D7F-9D4B0107F46B}.Debug|Any CPU.ActiveCfg = Debug|Any CPU
		{BAC6EB8F-6003-4B62-8D7F-9D4B0107F46B}.Debug|Any CPU.Build.0 = Debug|Any CPU
		{BAC6EB8F-6003-4B62-8D7F-9D4B0107F46B}.Release|Any CPU.ActiveCfg = Release|Any CPU
		{BAC6EB8F-6003-4B62-8D7F-9D4B0107F46B}.Release|Any CPU.Build.0 = Release|Any CPU
		{7B8425DA-BAD7-4DB3-BCA7-9B0C2666FE67}.Debug|Any CPU.ActiveCfg = Debug|Any CPU
		{7B8425DA-BAD7-4DB3-BCA7-9B0C2666FE67}.Debug|Any CPU.Build.0 = Debug|Any CPU
		{7B8425DA-BAD7-4DB3-BCA7-9B0C2666FE67}.Release|Any CPU.ActiveCfg = Release|Any CPU
		{7B8425DA-BAD7-4DB3-BCA7-9B0C2666FE67}.Release|Any CPU.Build.0 = Release|Any CPU
		{8B5F6BCD-86E0-4E88-B058-1C7291814CD6}.Debug|Any CPU.ActiveCfg = Debug|Any CPU
		{8B5F6BCD-86E0-4E88-B058-1C7291814CD6}.Debug|Any CPU.Build.0 = Debug|Any CPU
		{8B5F6BCD-86E0-4E88-B058-1C7291814CD6}.Release|Any CPU.ActiveCfg = Release|Any CPU
		{8B5F6BCD-86E0-4E88-B058-1C7291814CD6}.Release|Any CPU.Build.0 = Release|Any CPU
		{2598AF3C-321A-4DD9-9A69-0C90E8A5AAF5}.Debug|Any CPU.ActiveCfg = Debug|Any CPU
		{2598AF3C-321A-4DD9-9A69-0C90E8A5AAF5}.Debug|Any CPU.Build.0 = Debug|Any CPU
		{2598AF3C-321A-4DD9-9A69-0C90E8A5AAF5}.Release|Any CPU.ActiveCfg = Release|Any CPU
		{2598AF3C-321A-4DD9-9A69-0C90E8A5AAF5}.Release|Any CPU.Build.0 = Release|Any CPU
	EndGlobalSection
	GlobalSection(SolutionProperties) = preSolution
		HideSolutionNode = FALSE
	EndGlobalSection
	GlobalSection(NestedProjects) = preSolution
		{8B5F6BCD-86E0-4E88-B058-1C7291814CD6} = {0BC4A010-C703-4CF4-88A6-84A5B69FC674}
		{2598AF3C-321A-4DD9-9A69-0C90E8A5AAF5} = {0BC4A010-C703-4CF4-88A6-84A5B69FC674}
		{966A8A3B-B18D-4CB5-81A0-8157E21C60F0} = {0BC4A010-C703-4CF4-88A6-84A5B69FC674}
	EndGlobalSection
EndGlobal
